{
  "nodes": {
    "astal": {
      "inputs": {
        "nixpkgs": [
          "nixpkgs"
        ]
      },
      "locked": {
        "lastModified": 1738411678,
        "narHash": "sha256-hANaww878wLBtN62Gizo6yKxXhF+wB23R/PZwK9QFls=",
        "owner": "aylur",
        "repo": "astal",
        "rev": "09c9df0ed498dbea214d38af74b90c9a8b023489",
        "type": "github"
      },
      "original": {
        "owner": "aylur",
        "repo": "astal",
        "type": "github"
      }
    },
    "nixpkgs": {
      "locked": {
        "lastModified": 1738142207,
        "narHash": "sha256-NGqpVVxNAHwIicXpgaVqJEJWeyqzoQJ9oc8lnK9+WC4=",
        "path": "/nix/store/pgg4vm83q0kr4hxzcwhdgdiv2yfnh3dw-source",
        "rev": "9d3ae807ebd2981d593cddd0080856873139aa40",
        "type": "path"
      },
      "original": {
        "id": "nixpkgs",
        "type": "indirect"
      }
    },
    "root": {
      "inputs": {
        "astal": "astal",
        "nixpkgs": "nixpkgs"
      }
    }
  },
  "root": "root",
  "version": 7
}
