{
  "nodes": {
    "astal": {
      "inputs": {
        "nixpkgs": [
          "nixpkgs"
        ]
      },
      "locked": {
        "lastModified": 1739969582,
        "narHash": "sha256-ni6tM12mzArohqzvscZn/N52GHiXZsskN6yMYzo25XI=",
        "owner": "aylur",
        "repo": "astal",
        "rev": "a0de1526d2de8a02feec1cba4086f284ec9f6098",
        "type": "github"
      },
      "original": {
        "owner": "aylur",
        "repo": "astal",
        "type": "github"
      }
    },
    "nixpkgs": {
      "locked": {
        "lastModified": 1739736696,
        "narHash": "sha256-zON2GNBkzsIyALlOCFiEBcIjI4w38GYOb+P+R4S8Jsw=",
        "path": "/nix/store/s1fbk6a410xn8vcaj54iqv22agyn0ria-source",
        "rev": "d74a2335ac9c133d6bbec9fc98d91a77f1604c1f",
        "type": "path"
      },
      "original": {
        "id": "nixpkgs",
        "type": "indirect"
      }
    },
    "root": {
      "inputs": {
        "astal": "astal",
        "nixpkgs": "nixpkgs"
      }
    }
  },
  "root": "root",
  "version": 7
}
