{
  "nodes": {
    "astal": {
      "inputs": {
        "nixpkgs": [
          "nixpkgs"
        ]
      },
      "locked": {
        "lastModified": 1740786007,
        "narHash": "sha256-R263ls8DSU84dBBEi/UvHxffJUySD4igHcbGmDSUtEs=",
        "owner": "aylur",
        "repo": "astal",
        "rev": "dfd1f23c7562694e571d44c45aa74fcea9b1ba01",
        "type": "github"
      },
      "original": {
        "owner": "aylur",
        "repo": "astal",
        "type": "github"
      }
    },
    "nixpkgs": {
      "locked": {
        "lastModified": 1740695751,
        "narHash": "sha256-D+R+kFxy1KsheiIzkkx/6L63wEHBYX21OIwlFV8JvDs=",
        "path": "/nix/store/mipgp0fr3zlcihi4x7xb67v47yfxwcwh-source",
        "rev": "6313551cd05425cd5b3e63fe47dbc324eabb15e4",
        "type": "path"
      },
      "original": {
        "id": "nixpkgs",
        "type": "indirect"
      }
    },
    "root": {
      "inputs": {
        "astal": "astal",
        "nixpkgs": "nixpkgs"
      }
    }
  },
  "root": "root",
  "version": 7
}
